# THIS IS AN AUTOGENERATED FILE. DO NOT EDIT THIS FILE DIRECTLY.
# yarn lockfile v1


"ast-types@0.15.2":
  "integrity" "sha512-c27loCv9QkZinsa5ProX751khO9DJl/AcB5c2KNtA6NRvHKS0PgLfcftz72KVq504vB0Gku5s2kUZzDBvQWvHg=="
  "resolved" "https://registry.npmjs.org/ast-types/-/ast-types-0.15.2.tgz"
  "version" "0.15.2"
  dependencies:
    "tslib" "^2.0.1"

"chenyaya-promise-catch-loader@file:":
  "resolved" "file:"
  "version" "1.0.0"
  dependencies:
    "chenyaya-promise-catch-loader" "file:"

"esprima@~4.0.0":
  "integrity" "sha512-eGuFFw7Upda+g4p+QHvnW0RyTX/SVeJBDM/gCtMARO0cLuT2HcEKnTPvhjV6aGeqrCB/sbNop0Kszm0jsaWU4A=="
  "resolved" "https://registry.npmjs.org/esprima/-/esprima-4.0.1.tgz"
  "version" "4.0.1"

"fsevents@~2.3.2":
  "integrity" "sha512-xiqMQR4xAeHTuB9uWm+fFRcIOgKBMiOBP+eXiyT7jsgVCq1bkVygt00oASowB7EdtpOHaaPgKt812P9ab+DDKA=="
  "resolved" "https://registry.npmjs.org/fsevents/-/fsevents-2.3.2.tgz"
  "version" "2.3.2"

"recast@^0.21.5":
  "integrity" "sha512-hjMmLaUXAm1hIuTqOdeYObMslq/q+Xff6QE3Y2P+uoHAg2nmVlLBps2hzh1UJDdMtDTMXOFewK6ky51JQIeECg=="
  "resolved" "https://registry.npmjs.org/recast/-/recast-0.21.5.tgz"
  "version" "0.21.5"
  dependencies:
    "ast-types" "0.15.2"
    "esprima" "~4.0.0"
    "source-map" "~0.6.1"
    "tslib" "^2.0.1"

"rollup@^3.6.0":
  "integrity" "sha512-qCgiBeSu2/AIOKWGFMiRkjPlGlcVwxAjwpGKQZOQYng+83Hip4PjrWHm7EQX1wnrvRqfTytEihRRfLHdX+hR4g=="
  "resolved" "https://registry.npmjs.org/rollup/-/rollup-3.6.0.tgz"
  "version" "3.6.0"
  optionalDependencies:
    "fsevents" "~2.3.2"

"source-map@~0.6.1":
  "integrity" "sha512-UjgapumWlbMhkBgzT7Ykc5YXUT46F0iKu8SGXq0bcwP5dz/h0Plj6enJqjz1Zbq2l5WaqYnrVbwWOWMyF3F47g=="
  "resolved" "https://registry.npmjs.org/source-map/-/source-map-0.6.1.tgz"
  "version" "0.6.1"

"tslib@^2.0.1":
  "integrity" "sha512-tGyy4dAjRIEwI7BzsB0lynWgOpfqjUdq91XXAlIWD2OwKBH7oCl/GZG/HT4BOHrTlPMOASlMQ7veyTqpmRcrNA=="
  "resolved" "https://registry.npmjs.org/tslib/-/tslib-2.4.1.tgz"
  "version" "2.4.1"
